
Microsoft Visual Studio Solution File, Format Version 12.00
# Visual Studio 15
Project("{FAE04EC0-301F-11D3-BF4B-00C04F79EFBC}") = "AOC.Tests", "AOC.Tests\AOC.Tests.csproj", "{632D6C93-B596-4D7D-93C5-243CF4EC9B86}"
EndProject
Project("{FAE04EC0-301F-11D3-BF4B-00C04F79EFBC}") = "AOC", "AOC\AOC.csproj", "{856AB43C-EFE3-4D77-8474-2EAC65BF5B69}"
EndProject
Global
	GlobalSection(SolutionConfigurationPlatforms) = preSolution
		Debug|Any CPU = Debug|Any CPU
		Release|Any CPU = Release|Any CPU
	EndGlobalSection
	GlobalSection(ProjectConfigurationPlatforms) = postSolution
		{632D6C93-B596-4D7D-93C5-243CF4EC9B86}.Debug|Any CPU.ActiveCfg = Debug|Any CPU
		{632D6C93-B596-4D7D-93C5-243CF4EC9B86}.Debug|Any CPU.Build.0 = Debug|Any CPU
		{632D6C93-B596-4D7D-93C5-243CF4EC9B86}.Release|Any CPU.ActiveCfg = Release|Any CPU
		{632D6C93-B596-4D7D-93C5-243CF4EC9B86}.Release|Any CPU.Build.0 = Release|Any CPU
		{856AB43C-EFE3-4D77-8474-2EAC65BF5B69}.Debug|Any CPU.ActiveCfg = Debug|Any CPU
		{856AB43C-EFE3-4D77-8474-2EAC65BF5B69}.Debug|Any CPU.Build.0 = Debug|Any CPU
		{856AB43C-EFE3-4D77-8474-2EAC65BF5B69}.Release|Any CPU.ActiveCfg = Release|Any CPU
		{856AB43C-EFE3-4D77-8474-2EAC65BF5B69}.Release|Any CPU.Build.0 = Release|Any CPU
	EndGlobalSection
EndGlobal
